
Microsoft Visual Studio Solution File, Format Version 12.00
# Visual Studio Version 17
VisualStudioVersion = 17.4.33213.308
MinimumVisualStudioVersion = 10.0.40219.1
Project("{FAE04EC0-301F-11D3-BF4B-00C04F79EFBC}") = "Lab2DoNothing", "Lab2DoNothing\Lab2DoNothing.csproj", "{19C50433-D272-4EB5-A444-4B646510A916}"
EndProject
Global
	GlobalSection(SolutionConfigurationPlatforms) = preSolution
		Debug|Any CPU = Debug|Any CPU
		Release|Any CPU = Release|Any CPU
	EndGlobalSection
	GlobalSection(ProjectConfigurationPlatforms) = postSolution
		{19C50433-D272-4EB5-A444-4B646510A916}.Debug|Any CPU.ActiveCfg = Debug|Any CPU
		{19C50433-D272-4EB5-A444-4B646510A916}.Debug|Any CPU.Build.0 = Debug|Any CPU
		{19C50433-D272-4EB5-A444-4B646510A916}.Release|Any CPU.ActiveCfg = Release|Any CPU
		{19C50433-D272-4EB5-A444-4B646510A916}.Release|Any CPU.Build.0 = Release|Any CPU
	EndGlobalSection
	GlobalSection(SolutionProperties) = preSolution
		HideSolutionNode = FALSE
	EndGlobalSection
	GlobalSection(ExtensibilityGlobals) = postSolution
		SolutionGuid = {4FA92062-FF25-448F-B7D1-BB94D34180B9}
	EndGlobalSection
EndGlobal
