
Microsoft Visual Studio Solution File, Format Version 12.00
# Visual Studio Version 17
VisualStudioVersion = 17.4.33122.133
MinimumVisualStudioVersion = 10.0.40219.1
Project("{9A19103F-16F7-4668-BE54-9A1E7A4F7556}") = "WinFormsAppShortcutKeys", "WinFormsAppShortcutKeys.csproj", "{C817273C-2FD4-405C-8E7D-3557AAF2D72D}"
EndProject
Global
	GlobalSection(SolutionConfigurationPlatforms) = preSolution
		Debug|Any CPU = Debug|Any CPU
		Release|Any CPU = Release|Any CPU
	EndGlobalSection
	GlobalSection(ProjectConfigurationPlatforms) = postSolution
		{C817273C-2FD4-405C-8E7D-3557AAF2D72D}.Debug|Any CPU.ActiveCfg = Debug|Any CPU
		{C817273C-2FD4-405C-8E7D-3557AAF2D72D}.Debug|Any CPU.Build.0 = Debug|Any CPU
		{C817273C-2FD4-405C-8E7D-3557AAF2D72D}.Release|Any CPU.ActiveCfg = Release|Any CPU
		{C817273C-2FD4-405C-8E7D-3557AAF2D72D}.Release|Any CPU.Build.0 = Release|Any CPU
	EndGlobalSection
	GlobalSection(SolutionProperties) = preSolution
		HideSolutionNode = FALSE
	EndGlobalSection
	GlobalSection(ExtensibilityGlobals) = postSolution
		SolutionGuid = {6FE3491C-69BB-4F1F-A9D6-32DF9C485FFA}
	EndGlobalSection
EndGlobal
