
Microsoft Visual Studio Solution File, Format Version 12.00
# Visual Studio Version 17
VisualStudioVersion = 17.4.33122.133
MinimumVisualStudioVersion = 10.0.40219.1
Project("{8BC9CEB8-8B4A-11D0-8D11-00A0C91BC942}") = "CppTypeSystemDemo", "CppTypeSystemDemo\CppTypeSystemDemo.vcxproj", "{882B0BC7-21BE-4BE0-90DD-15E0662BF76C}"
EndProject
Project("{9A19103F-16F7-4668-BE54-9A1E7A4F7556}") = "SystemObjectDemo", "SystemObjectDemo\SystemObjectDemo.csproj", "{B596CF1E-E95A-4E1D-A980-FD28B2039681}"
EndProject
Project("{9A19103F-16F7-4668-BE54-9A1E7A4F7556}") = "DemosAndTests", "StringDemo\DemosAndTests.csproj", "{1F70B356-AA92-4D58-ADE8-23CAF12F95D9}"
EndProject
Project("{9A19103F-16F7-4668-BE54-9A1E7A4F7556}") = "ConsoleDrawing", "ConsoleDrawing\ConsoleDrawing.csproj", "{32851176-35A9-4373-8A18-835303BDEAA9}"
EndProject
Project("{9A19103F-16F7-4668-BE54-9A1E7A4F7556}") = "HelloCommandLineArgs", "HelloCommandLineArgs\HelloCommandLineArgs.csproj", "{77FE5ECD-F28A-4DC1-8606-56FB11B99715}"
EndProject
Project("{9A19103F-16F7-4668-BE54-9A1E7A4F7556}") = "Assignment2", "Assignment2\Assignment2.csproj", "{15C851E7-C472-44F2-8886-D8390519694A}"
EndProject
Project("{2150E333-8FDC-42A3-9474-1A3956D46DE8}") = "Solution Items", "Solution Items", "{968E8FF6-B190-45A7-B21A-7736F40A36A3}"
	ProjectSection(SolutionItems) = preProject
		.editorconfig = .editorconfig
	EndProjectSection
EndProject
Project("{FAE04EC0-301F-11D3-BF4B-00C04F79EFBC}") = "OutputFilesRecursive", "OutputFilesRecursive\OutputFilesRecursive.csproj", "{D32E39E6-0F58-450C-A90C-C44E10795E1A}"
EndProject
Global
	GlobalSection(SolutionConfigurationPlatforms) = preSolution
		Debug|Any CPU = Debug|Any CPU
		Debug|x64 = Debug|x64
		Debug|x86 = Debug|x86
		Release|Any CPU = Release|Any CPU
		Release|x64 = Release|x64
		Release|x86 = Release|x86
	EndGlobalSection
	GlobalSection(ProjectConfigurationPlatforms) = postSolution
		{882B0BC7-21BE-4BE0-90DD-15E0662BF76C}.Debug|Any CPU.ActiveCfg = Debug|x64
		{882B0BC7-21BE-4BE0-90DD-15E0662BF76C}.Debug|Any CPU.Build.0 = Debug|x64
		{882B0BC7-21BE-4BE0-90DD-15E0662BF76C}.Debug|x64.ActiveCfg = Debug|x64
		{882B0BC7-21BE-4BE0-90DD-15E0662BF76C}.Debug|x64.Build.0 = Debug|x64
		{882B0BC7-21BE-4BE0-90DD-15E0662BF76C}.Debug|x86.ActiveCfg = Debug|Win32
		{882B0BC7-21BE-4BE0-90DD-15E0662BF76C}.Debug|x86.Build.0 = Debug|Win32
		{882B0BC7-21BE-4BE0-90DD-15E0662BF76C}.Release|Any CPU.ActiveCfg = Release|x64
		{882B0BC7-21BE-4BE0-90DD-15E0662BF76C}.Release|Any CPU.Build.0 = Release|x64
		{882B0BC7-21BE-4BE0-90DD-15E0662BF76C}.Release|x64.ActiveCfg = Release|x64
		{882B0BC7-21BE-4BE0-90DD-15E0662BF76C}.Release|x64.Build.0 = Release|x64
		{882B0BC7-21BE-4BE0-90DD-15E0662BF76C}.Release|x86.ActiveCfg = Release|Win32
		{882B0BC7-21BE-4BE0-90DD-15E0662BF76C}.Release|x86.Build.0 = Release|Win32
		{B596CF1E-E95A-4E1D-A980-FD28B2039681}.Debug|Any CPU.ActiveCfg = Debug|Any CPU
		{B596CF1E-E95A-4E1D-A980-FD28B2039681}.Debug|Any CPU.Build.0 = Debug|Any CPU
		{B596CF1E-E95A-4E1D-A980-FD28B2039681}.Debug|x64.ActiveCfg = Debug|Any CPU
		{B596CF1E-E95A-4E1D-A980-FD28B2039681}.Debug|x64.Build.0 = Debug|Any CPU
		{B596CF1E-E95A-4E1D-A980-FD28B2039681}.Debug|x86.ActiveCfg = Debug|Any CPU
		{B596CF1E-E95A-4E1D-A980-FD28B2039681}.Debug|x86.Build.0 = Debug|Any CPU
		{B596CF1E-E95A-4E1D-A980-FD28B2039681}.Release|Any CPU.ActiveCfg = Release|Any CPU
		{B596CF1E-E95A-4E1D-A980-FD28B2039681}.Release|Any CPU.Build.0 = Release|Any CPU
		{B596CF1E-E95A-4E1D-A980-FD28B2039681}.Release|x64.ActiveCfg = Release|Any CPU
		{B596CF1E-E95A-4E1D-A980-FD28B2039681}.Release|x64.Build.0 = Release|Any CPU
		{B596CF1E-E95A-4E1D-A980-FD28B2039681}.Release|x86.ActiveCfg = Release|Any CPU
		{B596CF1E-E95A-4E1D-A980-FD28B2039681}.Release|x86.Build.0 = Release|Any CPU
		{1F70B356-AA92-4D58-ADE8-23CAF12F95D9}.Debug|Any CPU.ActiveCfg = Debug|Any CPU
		{1F70B356-AA92-4D58-ADE8-23CAF12F95D9}.Debug|Any CPU.Build.0 = Debug|Any CPU
		{1F70B356-AA92-4D58-ADE8-23CAF12F95D9}.Debug|x64.ActiveCfg = Debug|Any CPU
		{1F70B356-AA92-4D58-ADE8-23CAF12F95D9}.Debug|x64.Build.0 = Debug|Any CPU
		{1F70B356-AA92-4D58-ADE8-23CAF12F95D9}.Debug|x86.ActiveCfg = Debug|Any CPU
		{1F70B356-AA92-4D58-ADE8-23CAF12F95D9}.Debug|x86.Build.0 = Debug|Any CPU
		{1F70B356-AA92-4D58-ADE8-23CAF12F95D9}.Release|Any CPU.ActiveCfg = Release|Any CPU
		{1F70B356-AA92-4D58-ADE8-23CAF12F95D9}.Release|Any CPU.Build.0 = Release|Any CPU
		{1F70B356-AA92-4D58-ADE8-23CAF12F95D9}.Release|x64.ActiveCfg = Release|Any CPU
		{1F70B356-AA92-4D58-ADE8-23CAF12F95D9}.Release|x64.Build.0 = Release|Any CPU
		{1F70B356-AA92-4D58-ADE8-23CAF12F95D9}.Release|x86.ActiveCfg = Release|Any CPU
		{1F70B356-AA92-4D58-ADE8-23CAF12F95D9}.Release|x86.Build.0 = Release|Any CPU
		{32851176-35A9-4373-8A18-835303BDEAA9}.Debug|Any CPU.ActiveCfg = Debug|Any CPU
		{32851176-35A9-4373-8A18-835303BDEAA9}.Debug|Any CPU.Build.0 = Debug|Any CPU
		{32851176-35A9-4373-8A18-835303BDEAA9}.Debug|x64.ActiveCfg = Debug|Any CPU
		{32851176-35A9-4373-8A18-835303BDEAA9}.Debug|x64.Build.0 = Debug|Any CPU
		{32851176-35A9-4373-8A18-835303BDEAA9}.Debug|x86.ActiveCfg = Debug|Any CPU
		{32851176-35A9-4373-8A18-835303BDEAA9}.Debug|x86.Build.0 = Debug|Any CPU
		{32851176-35A9-4373-8A18-835303BDEAA9}.Release|Any CPU.ActiveCfg = Release|Any CPU
		{32851176-35A9-4373-8A18-835303BDEAA9}.Release|Any CPU.Build.0 = Release|Any CPU
		{32851176-35A9-4373-8A18-835303BDEAA9}.Release|x64.ActiveCfg = Release|Any CPU
		{32851176-35A9-4373-8A18-835303BDEAA9}.Release|x64.Build.0 = Release|Any CPU
		{32851176-35A9-4373-8A18-835303BDEAA9}.Release|x86.ActiveCfg = Release|Any CPU
		{32851176-35A9-4373-8A18-835303BDEAA9}.Release|x86.Build.0 = Release|Any CPU
		{77FE5ECD-F28A-4DC1-8606-56FB11B99715}.Debug|Any CPU.ActiveCfg = Debug|Any CPU
		{77FE5ECD-F28A-4DC1-8606-56FB11B99715}.Debug|Any CPU.Build.0 = Debug|Any CPU
		{77FE5ECD-F28A-4DC1-8606-56FB11B99715}.Debug|x64.ActiveCfg = Debug|Any CPU
		{77FE5ECD-F28A-4DC1-8606-56FB11B99715}.Debug|x64.Build.0 = Debug|Any CPU
		{77FE5ECD-F28A-4DC1-8606-56FB11B99715}.Debug|x86.ActiveCfg = Debug|Any CPU
		{77FE5ECD-F28A-4DC1-8606-56FB11B99715}.Debug|x86.Build.0 = Debug|Any CPU
		{77FE5ECD-F28A-4DC1-8606-56FB11B99715}.Release|Any CPU.ActiveCfg = Release|Any CPU
		{77FE5ECD-F28A-4DC1-8606-56FB11B99715}.Release|Any CPU.Build.0 = Release|Any CPU
		{77FE5ECD-F28A-4DC1-8606-56FB11B99715}.Release|x64.ActiveCfg = Release|Any CPU
		{77FE5ECD-F28A-4DC1-8606-56FB11B99715}.Release|x64.Build.0 = Release|Any CPU
		{77FE5ECD-F28A-4DC1-8606-56FB11B99715}.Release|x86.ActiveCfg = Release|Any CPU
		{77FE5ECD-F28A-4DC1-8606-56FB11B99715}.Release|x86.Build.0 = Release|Any CPU
		{15C851E7-C472-44F2-8886-D8390519694A}.Debug|Any CPU.ActiveCfg = Debug|Any CPU
		{15C851E7-C472-44F2-8886-D8390519694A}.Debug|Any CPU.Build.0 = Debug|Any CPU
		{15C851E7-C472-44F2-8886-D8390519694A}.Debug|x64.ActiveCfg = Debug|Any CPU
		{15C851E7-C472-44F2-8886-D8390519694A}.Debug|x64.Build.0 = Debug|Any CPU
		{15C851E7-C472-44F2-8886-D8390519694A}.Debug|x86.ActiveCfg = Debug|Any CPU
		{15C851E7-C472-44F2-8886-D8390519694A}.Debug|x86.Build.0 = Debug|Any CPU
		{15C851E7-C472-44F2-8886-D8390519694A}.Release|Any CPU.ActiveCfg = Release|Any CPU
		{15C851E7-C472-44F2-8886-D8390519694A}.Release|Any CPU.Build.0 = Release|Any CPU
		{15C851E7-C472-44F2-8886-D8390519694A}.Release|x64.ActiveCfg = Release|Any CPU
		{15C851E7-C472-44F2-8886-D8390519694A}.Release|x64.Build.0 = Release|Any CPU
		{15C851E7-C472-44F2-8886-D8390519694A}.Release|x86.ActiveCfg = Release|Any CPU
		{15C851E7-C472-44F2-8886-D8390519694A}.Release|x86.Build.0 = Release|Any CPU
		{D32E39E6-0F58-450C-A90C-C44E10795E1A}.Debug|Any CPU.ActiveCfg = Debug|Any CPU
		{D32E39E6-0F58-450C-A90C-C44E10795E1A}.Debug|Any CPU.Build.0 = Debug|Any CPU
		{D32E39E6-0F58-450C-A90C-C44E10795E1A}.Debug|x64.ActiveCfg = Debug|Any CPU
		{D32E39E6-0F58-450C-A90C-C44E10795E1A}.Debug|x64.Build.0 = Debug|Any CPU
		{D32E39E6-0F58-450C-A90C-C44E10795E1A}.Debug|x86.ActiveCfg = Debug|Any CPU
		{D32E39E6-0F58-450C-A90C-C44E10795E1A}.Debug|x86.Build.0 = Debug|Any CPU
		{D32E39E6-0F58-450C-A90C-C44E10795E1A}.Release|Any CPU.ActiveCfg = Release|Any CPU
		{D32E39E6-0F58-450C-A90C-C44E10795E1A}.Release|Any CPU.Build.0 = Release|Any CPU
		{D32E39E6-0F58-450C-A90C-C44E10795E1A}.Release|x64.ActiveCfg = Release|Any CPU
		{D32E39E6-0F58-450C-A90C-C44E10795E1A}.Release|x64.Build.0 = Release|Any CPU
		{D32E39E6-0F58-450C-A90C-C44E10795E1A}.Release|x86.ActiveCfg = Release|Any CPU
		{D32E39E6-0F58-450C-A90C-C44E10795E1A}.Release|x86.Build.0 = Release|Any CPU
	EndGlobalSection
	GlobalSection(SolutionProperties) = preSolution
		HideSolutionNode = FALSE
	EndGlobalSection
	GlobalSection(ExtensibilityGlobals) = postSolution
		SolutionGuid = {4ECD8C20-47A7-4ACF-84CF-7D51A8D4EAE3}
	EndGlobalSection
EndGlobal
