
Microsoft Visual Studio Solution File, Format Version 12.00
# Visual Studio Version 17
VisualStudioVersion = 17.4.33122.133
MinimumVisualStudioVersion = 10.0.40219.1
Project("{FAE04EC0-301F-11D3-BF4B-00C04F79EFBC}") = "Rot13", "Rot13\Rot13.csproj", "{1405F406-BC2F-47D2-B0DD-4D639CAFB62E}"
EndProject
Project("{FAE04EC0-301F-11D3-BF4B-00C04F79EFBC}") = "Rot13Tests", "Rot13Tests\Rot13Tests.csproj", "{1A498D4B-B043-434A-BD7C-BAC07D420F42}"
EndProject
Global
	GlobalSection(SolutionConfigurationPlatforms) = preSolution
		Debug|Any CPU = Debug|Any CPU
		Release|Any CPU = Release|Any CPU
	EndGlobalSection
	GlobalSection(ProjectConfigurationPlatforms) = postSolution
		{1405F406-BC2F-47D2-B0DD-4D639CAFB62E}.Debug|Any CPU.ActiveCfg = Debug|Any CPU
		{1405F406-BC2F-47D2-B0DD-4D639CAFB62E}.Debug|Any CPU.Build.0 = Debug|Any CPU
		{1405F406-BC2F-47D2-B0DD-4D639CAFB62E}.Release|Any CPU.ActiveCfg = Release|Any CPU
		{1405F406-BC2F-47D2-B0DD-4D639CAFB62E}.Release|Any CPU.Build.0 = Release|Any CPU
		{1A498D4B-B043-434A-BD7C-BAC07D420F42}.Debug|Any CPU.ActiveCfg = Debug|Any CPU
		{1A498D4B-B043-434A-BD7C-BAC07D420F42}.Debug|Any CPU.Build.0 = Debug|Any CPU
		{1A498D4B-B043-434A-BD7C-BAC07D420F42}.Release|Any CPU.ActiveCfg = Release|Any CPU
		{1A498D4B-B043-434A-BD7C-BAC07D420F42}.Release|Any CPU.Build.0 = Release|Any CPU
	EndGlobalSection
	GlobalSection(SolutionProperties) = preSolution
		HideSolutionNode = FALSE
	EndGlobalSection
	GlobalSection(ExtensibilityGlobals) = postSolution
		SolutionGuid = {C0316286-A145-425D-88F0-C53883CF5134}
	EndGlobalSection
EndGlobal
